dependencies:
  espressif/es8311:
    component_hash: eacbe7cb7f6993eb0f439121a56663cdfbf95925e7ddf5d2ed5aa640bed476fd
    dependencies:
    - name: idf
      require: private
      version: '>=4.4'
    source:
      registry_url: https://components.espressif.com/
      type: service
    version: 1.0.0
  espressif/esp_codec_dev:
    component_hash: 4779f31a3ba3f9b38aee1afe6ccb9ba8f6108dc3a6e77d39d7d714e9a215371b
    dependencies:
    - name: idf
      require: private
      version: '>=4.0'
    source:
      registry_url: https://components.espressif.com/
      type: service
    version: 1.6.2
  idf:
    source:
      type: idf
    version: 6.0.2
direct_dependencies:
- espressif/es8311
- espressif/esp_codec_dev
- idf
manifest_hash: fd24ccafdc4c1196aa697e2be26c3f1bc010e6615f9f84dc3cb0c3e85d0819d7
target: esp32p4
version: 3.0.0
